{
  "meteor": {},
  "dependencies": {
    "basePackages": {
      "semantic-ui": {}
    },
    "packages": {
      "semantic-ui": {
        "git": "https://github.com/nooitaf/meteor-semantic-ui.git",
        "tag": "v0.17.0",
        "commit": "820b4a05267733aa8124ba6ebc5b88eaf93361c4"
      }
    }
  }
}
