{
  "meteor": {},
  "dependencies": {
    "basePackages": {
      "sass": {},
      "stellar": {},
      "semantic-ui": {},
      "jquery.transit": {},
      "server-eval": {},
      "geocoder": {}
    },
    "packages": {
      "sass": {
        "git": "https://github.com/particle4dev/meteor-sass.git",
        "tag": "v0.1.4",
        "commit": "7f43b08e9726c953bbbda5974d09cfca89f45086"
      },
      "stellar": {
        "git": "https://github.com/noorderstorm/meteor-stellar.git",
        "tag": "v0.1.0",
        "commit": "1ca2f68e0cca5967a6f88545cea12055c9fc2465"
      },
      "semantic-ui": {
        "git": "https://github.com/nooitaf/meteor-semantic-ui.git",
        "tag": "v0.19.0",
        "commit": "23ddf7b58db125cc33d0d95d58fcac940f262481"
      },
      "jquery.transit": {
        "git": "https://github.com/noorderstorm/meteor-jquery-transit.git",
        "tag": "v0.1.0",
        "commit": "d3b8a4149ab40b14b125edd473c3850177895fb5"
      },
      "server-eval": {
        "git": "https://github.com/gandev-de/meteor-server-eval.git",
        "tag": "v0.5.0",
        "commit": "0652e70de0b359305f7e04b9131dfc755e1cf27a"
      },
      "geocoder": {
        "git": "https://github.com/aldeed/meteor-geocoder.git",
        "tag": "v0.2.0",
        "commit": "788b7eb97b3a481ca1d298bc2849fa6b624412f9"
      }
    }
  }
}
