{
  "meteor": {},
  "dependencies": {
    "basePackages": {
      "sass": {},
      "stellar": {},
      "semantic-ui": {},
      "jquery.transit": {}
    },
    "packages": {
      "sass": {
        "git": "https://github.com/particle4dev/meteor-sass.git",
        "tag": "v0.1.4",
        "commit": "7f43b08e9726c953bbbda5974d09cfca89f45086"
      },
      "stellar": {
        "git": "https://github.com/noorderstorm/meteor-stellar.git",
        "tag": "v0.1.0",
        "commit": "1ca2f68e0cca5967a6f88545cea12055c9fc2465"
      },
      "semantic-ui": {
        "git": "https://github.com/nooitaf/meteor-semantic-ui.git",
        "tag": "v0.18.0",
        "commit": "a27035712167b248366a7719399a2257513530ee"
      },
      "jquery.transit": {
        "git": "https://github.com/noorderstorm/meteor-jquery-transit.git",
        "tag": "v0.1.0",
        "commit": "d3b8a4149ab40b14b125edd473c3850177895fb5"
      }
    }
  }
}
